
Microsoft Visual Studio Solution File, Format Version 12.00
# Visual Studio Version 17
VisualStudioVersion = 17.6.33927.249
MinimumVisualStudioVersion = 10.0.40219.1
Project("{FAE04EC0-301F-11D3-BF4B-00C04F79EFBC}") = "XRDataProcess", "XRDataProcess\XRDataProcess.csproj", "{5C5C0C4B-06E4-4A8E-BA02-3B3305A475E2}"
EndProject
Project("{8BC9CEB8-8B4A-11D0-8D11-00A0C91BC942}") = "YuGuang", "YuGuang\YuGuang.vcxproj", "{53F65924-D804-A7B4-45D8-C443433762ED}"
EndProject
Project("{8BC9CEB8-8B4A-11D0-8D11-00A0C91BC942}") = "IMUDecode", "IMUDecode\IMUDecode.vcxproj", "{8DF47C60-0C02-400D-A865-7880EF898BEF}"
EndProject
Project("{8BC9CEB8-8B4A-11D0-8D11-00A0C91BC942}") = "hnDxfIO", "hnDxfIO\hnDxfIO.vcxproj", "{1C35F846-0E7E-4F3D-A17D-AE3ABA46C19E}"
EndProject
Project("{8BC9CEB8-8B4A-11D0-8D11-00A0C91BC942}") = "hnCalcuMethod", "hnCalcuMethod\hnCalcuMethod.vcxproj", "{381089DD-0F80-4B3A-AAFB-BC7CFD5E8DFC}"
EndProject
Project("{FAE04EC0-301F-11D3-BF4B-00C04F79EFBC}") = "Framework", "Farmework\Framework.csproj", "{86F3759D-53DA-43C4-B903-0E395E38C6AD}"
EndProject
Project("{FAE04EC0-301F-11D3-BF4B-00C04F79EFBC}") = "HNDtos", "HNDtos\HNDtos.csproj", "{4D25FDA4-BE99-4AF7-AAAC-760403E755EF}"
EndProject
Project("{8BC9CEB8-8B4A-11D0-8D11-00A0C91BC942}") = "HnHighAccConvertPlane", "HnHighAccConvertPlane\HnHighAccConvertPlane.vcxproj", "{6411FE9E-C2F1-4A61-BA7E-271312FC45C2}"
EndProject
Project("{FAE04EC0-301F-11D3-BF4B-00C04F79EFBC}") = "HNRoadFormatConverter", "DataConvertGJ\HNRoadFormatConverter\HNRoadFormatConverter.csproj", "{82456256-02B9-4393-A2CF-BC54FBCC125C}"
EndProject
Global
	GlobalSection(SolutionConfigurationPlatforms) = preSolution
		Debug|Any CPU = Debug|Any CPU
		Debug|ARM = Debug|ARM
		Debug|Mixed Platforms = Debug|Mixed Platforms
		Debug|Win32 = Debug|Win32
		Debug|x64 = Debug|x64
		Debug|x86 = Debug|x86
		Release|Any CPU = Release|Any CPU
		Release|ARM = Release|ARM
		Release|Mixed Platforms = Release|Mixed Platforms
		Release|Win32 = Release|Win32
		Release|x64 = Release|x64
		Release|x86 = Release|x86
	EndGlobalSection
	GlobalSection(ProjectConfigurationPlatforms) = postSolution
		{5C5C0C4B-06E4-4A8E-BA02-3B3305A475E2}.Debug|Any CPU.ActiveCfg = Debug|Any CPU
		{5C5C0C4B-06E4-4A8E-BA02-3B3305A475E2}.Debug|Any CPU.Build.0 = Debug|Any CPU
		{5C5C0C4B-06E4-4A8E-BA02-3B3305A475E2}.Debug|ARM.ActiveCfg = Debug|Any CPU
		{5C5C0C4B-06E4-4A8E-BA02-3B3305A475E2}.Debug|ARM.Build.0 = Debug|Any CPU
		{5C5C0C4B-06E4-4A8E-BA02-3B3305A475E2}.Debug|Mixed Platforms.ActiveCfg = Debug|Any CPU
		{5C5C0C4B-06E4-4A8E-BA02-3B3305A475E2}.Debug|Mixed Platforms.Build.0 = Debug|Any CPU
		{5C5C0C4B-06E4-4A8E-BA02-3B3305A475E2}.Debug|Win32.ActiveCfg = Release|x64
		{5C5C0C4B-06E4-4A8E-BA02-3B3305A475E2}.Debug|x64.ActiveCfg = Debug|x64
		{5C5C0C4B-06E4-4A8E-BA02-3B3305A475E2}.Debug|x64.Build.0 = Debug|x64
		{5C5C0C4B-06E4-4A8E-BA02-3B3305A475E2}.Debug|x86.ActiveCfg = Release|x64
		{5C5C0C4B-06E4-4A8E-BA02-3B3305A475E2}.Release|Any CPU.ActiveCfg = Release|Any CPU
		{5C5C0C4B-06E4-4A8E-BA02-3B3305A475E2}.Release|Any CPU.Build.0 = Release|Any CPU
		{5C5C0C4B-06E4-4A8E-BA02-3B3305A475E2}.Release|ARM.ActiveCfg = Release|Any CPU
		{5C5C0C4B-06E4-4A8E-BA02-3B3305A475E2}.Release|ARM.Build.0 = Release|Any CPU
		{5C5C0C4B-06E4-4A8E-BA02-3B3305A475E2}.Release|Mixed Platforms.ActiveCfg = Release|Any CPU
		{5C5C0C4B-06E4-4A8E-BA02-3B3305A475E2}.Release|Mixed Platforms.Build.0 = Release|Any CPU
		{5C5C0C4B-06E4-4A8E-BA02-3B3305A475E2}.Release|Win32.ActiveCfg = Release|x64
		{5C5C0C4B-06E4-4A8E-BA02-3B3305A475E2}.Release|x64.ActiveCfg = Release|x64
		{5C5C0C4B-06E4-4A8E-BA02-3B3305A475E2}.Release|x64.Build.0 = Release|x64
		{5C5C0C4B-06E4-4A8E-BA02-3B3305A475E2}.Release|x86.ActiveCfg = Release|x64
		{5C5C0C4B-06E4-4A8E-BA02-3B3305A475E2}.Release|x86.Build.0 = Release|x64
		{53F65924-D804-A7B4-45D8-C443433762ED}.Debug|Any CPU.ActiveCfg = Debug|x64
		{53F65924-D804-A7B4-45D8-C443433762ED}.Debug|ARM.ActiveCfg = Debug|ARM
		{53F65924-D804-A7B4-45D8-C443433762ED}.Debug|ARM.Build.0 = Debug|ARM
		{53F65924-D804-A7B4-45D8-C443433762ED}.Debug|Mixed Platforms.ActiveCfg = Debug|x64
		{53F65924-D804-A7B4-45D8-C443433762ED}.Debug|Mixed Platforms.Build.0 = Debug|x64
		{53F65924-D804-A7B4-45D8-C443433762ED}.Debug|Win32.ActiveCfg = Release|Win32
		{53F65924-D804-A7B4-45D8-C443433762ED}.Debug|Win32.Build.0 = Release|Win32
		{53F65924-D804-A7B4-45D8-C443433762ED}.Debug|x64.ActiveCfg = Debug|x64
		{53F65924-D804-A7B4-45D8-C443433762ED}.Debug|x86.ActiveCfg = Release|x64
		{53F65924-D804-A7B4-45D8-C443433762ED}.Debug|x86.Build.0 = Release|x64
		{53F65924-D804-A7B4-45D8-C443433762ED}.Release|Any CPU.ActiveCfg = Release|x64
		{53F65924-D804-A7B4-45D8-C443433762ED}.Release|ARM.ActiveCfg = Release|ARM
		{53F65924-D804-A7B4-45D8-C443433762ED}.Release|ARM.Build.0 = Release|ARM
		{53F65924-D804-A7B4-45D8-C443433762ED}.Release|Mixed Platforms.ActiveCfg = Release|x64
		{53F65924-D804-A7B4-45D8-C443433762ED}.Release|Mixed Platforms.Build.0 = Release|x64
		{53F65924-D804-A7B4-45D8-C443433762ED}.Release|Win32.ActiveCfg = Release|Win32
		{53F65924-D804-A7B4-45D8-C443433762ED}.Release|Win32.Build.0 = Release|Win32
		{53F65924-D804-A7B4-45D8-C443433762ED}.Release|x64.ActiveCfg = Release|x64
		{53F65924-D804-A7B4-45D8-C443433762ED}.Release|x86.ActiveCfg = Release|x64
		{53F65924-D804-A7B4-45D8-C443433762ED}.Release|x86.Build.0 = Release|x64
		{8DF47C60-0C02-400D-A865-7880EF898BEF}.Debug|Any CPU.ActiveCfg = Debug|Win32
		{8DF47C60-0C02-400D-A865-7880EF898BEF}.Debug|ARM.ActiveCfg = Debug|ARM
		{8DF47C60-0C02-400D-A865-7880EF898BEF}.Debug|ARM.Build.0 = Debug|ARM
		{8DF47C60-0C02-400D-A865-7880EF898BEF}.Debug|Mixed Platforms.ActiveCfg = Debug|Win32
		{8DF47C60-0C02-400D-A865-7880EF898BEF}.Debug|Mixed Platforms.Build.0 = Debug|Win32
		{8DF47C60-0C02-400D-A865-7880EF898BEF}.Debug|Win32.ActiveCfg = Release|Win32
		{8DF47C60-0C02-400D-A865-7880EF898BEF}.Debug|Win32.Build.0 = Release|Win32
		{8DF47C60-0C02-400D-A865-7880EF898BEF}.Debug|x64.ActiveCfg = Debug|x64
		{8DF47C60-0C02-400D-A865-7880EF898BEF}.Debug|x64.Build.0 = Debug|x64
		{8DF47C60-0C02-400D-A865-7880EF898BEF}.Debug|x86.ActiveCfg = Release|x64
		{8DF47C60-0C02-400D-A865-7880EF898BEF}.Release|Any CPU.ActiveCfg = Release|Win32
		{8DF47C60-0C02-400D-A865-7880EF898BEF}.Release|ARM.ActiveCfg = Release|ARM
		{8DF47C60-0C02-400D-A865-7880EF898BEF}.Release|ARM.Build.0 = Release|ARM
		{8DF47C60-0C02-400D-A865-7880EF898BEF}.Release|Mixed Platforms.ActiveCfg = Release|Win32
		{8DF47C60-0C02-400D-A865-7880EF898BEF}.Release|Mixed Platforms.Build.0 = Release|Win32
		{8DF47C60-0C02-400D-A865-7880EF898BEF}.Release|Win32.ActiveCfg = Release|Win32
		{8DF47C60-0C02-400D-A865-7880EF898BEF}.Release|Win32.Build.0 = Release|Win32
		{8DF47C60-0C02-400D-A865-7880EF898BEF}.Release|x64.ActiveCfg = Release|x64
		{8DF47C60-0C02-400D-A865-7880EF898BEF}.Release|x86.ActiveCfg = Release|x64
		{8DF47C60-0C02-400D-A865-7880EF898BEF}.Release|x86.Build.0 = Release|x64
		{1C35F846-0E7E-4F3D-A17D-AE3ABA46C19E}.Debug|Any CPU.ActiveCfg = Debug|x64
		{1C35F846-0E7E-4F3D-A17D-AE3ABA46C19E}.Debug|ARM.ActiveCfg = Debug|ARM
		{1C35F846-0E7E-4F3D-A17D-AE3ABA46C19E}.Debug|ARM.Build.0 = Debug|ARM
		{1C35F846-0E7E-4F3D-A17D-AE3ABA46C19E}.Debug|Mixed Platforms.ActiveCfg = Debug|x64
		{1C35F846-0E7E-4F3D-A17D-AE3ABA46C19E}.Debug|Mixed Platforms.Build.0 = Debug|x64
		{1C35F846-0E7E-4F3D-A17D-AE3ABA46C19E}.Debug|Win32.ActiveCfg = Release|Win32
		{1C35F846-0E7E-4F3D-A17D-AE3ABA46C19E}.Debug|Win32.Build.0 = Release|Win32
		{1C35F846-0E7E-4F3D-A17D-AE3ABA46C19E}.Debug|x64.ActiveCfg = Debug|x64
		{1C35F846-0E7E-4F3D-A17D-AE3ABA46C19E}.Debug|x64.Build.0 = Debug|x64
		{1C35F846-0E7E-4F3D-A17D-AE3ABA46C19E}.Debug|x86.ActiveCfg = Release|x64
		{1C35F846-0E7E-4F3D-A17D-AE3ABA46C19E}.Release|Any CPU.ActiveCfg = Release|x64
		{1C35F846-0E7E-4F3D-A17D-AE3ABA46C19E}.Release|ARM.ActiveCfg = Release|ARM
		{1C35F846-0E7E-4F3D-A17D-AE3ABA46C19E}.Release|ARM.Build.0 = Release|ARM
		{1C35F846-0E7E-4F3D-A17D-AE3ABA46C19E}.Release|Mixed Platforms.ActiveCfg = Release|x64
		{1C35F846-0E7E-4F3D-A17D-AE3ABA46C19E}.Release|Mixed Platforms.Build.0 = Release|x64
		{1C35F846-0E7E-4F3D-A17D-AE3ABA46C19E}.Release|Win32.ActiveCfg = Release|Win32
		{1C35F846-0E7E-4F3D-A17D-AE3ABA46C19E}.Release|Win32.Build.0 = Release|Win32
		{1C35F846-0E7E-4F3D-A17D-AE3ABA46C19E}.Release|x64.ActiveCfg = Release|x64
		{1C35F846-0E7E-4F3D-A17D-AE3ABA46C19E}.Release|x64.Build.0 = Release|x64
		{1C35F846-0E7E-4F3D-A17D-AE3ABA46C19E}.Release|x86.ActiveCfg = Release|x64
		{1C35F846-0E7E-4F3D-A17D-AE3ABA46C19E}.Release|x86.Build.0 = Release|x64
		{381089DD-0F80-4B3A-AAFB-BC7CFD5E8DFC}.Debug|Any CPU.ActiveCfg = Debug|x64
		{381089DD-0F80-4B3A-AAFB-BC7CFD5E8DFC}.Debug|ARM.ActiveCfg = Debug|ARM
		{381089DD-0F80-4B3A-AAFB-BC7CFD5E8DFC}.Debug|ARM.Build.0 = Debug|ARM
		{381089DD-0F80-4B3A-AAFB-BC7CFD5E8DFC}.Debug|Mixed Platforms.ActiveCfg = Debug|x64
		{381089DD-0F80-4B3A-AAFB-BC7CFD5E8DFC}.Debug|Mixed Platforms.Build.0 = Debug|x64
		{381089DD-0F80-4B3A-AAFB-BC7CFD5E8DFC}.Debug|Win32.ActiveCfg = Release|Win32
		{381089DD-0F80-4B3A-AAFB-BC7CFD5E8DFC}.Debug|Win32.Build.0 = Release|Win32
		{381089DD-0F80-4B3A-AAFB-BC7CFD5E8DFC}.Debug|x64.ActiveCfg = Debug|x64
		{381089DD-0F80-4B3A-AAFB-BC7CFD5E8DFC}.Debug|x64.Build.0 = Debug|x64
		{381089DD-0F80-4B3A-AAFB-BC7CFD5E8DFC}.Debug|x86.ActiveCfg = Release|x64
		{381089DD-0F80-4B3A-AAFB-BC7CFD5E8DFC}.Release|Any CPU.ActiveCfg = Release|x64
		{381089DD-0F80-4B3A-AAFB-BC7CFD5E8DFC}.Release|ARM.ActiveCfg = Release|ARM
		{381089DD-0F80-4B3A-AAFB-BC7CFD5E8DFC}.Release|ARM.Build.0 = Release|ARM
		{381089DD-0F80-4B3A-AAFB-BC7CFD5E8DFC}.Release|Mixed Platforms.ActiveCfg = Release|x64
		{381089DD-0F80-4B3A-AAFB-BC7CFD5E8DFC}.Release|Mixed Platforms.Build.0 = Release|x64
		{381089DD-0F80-4B3A-AAFB-BC7CFD5E8DFC}.Release|Win32.ActiveCfg = Release|Win32
		{381089DD-0F80-4B3A-AAFB-BC7CFD5E8DFC}.Release|Win32.Build.0 = Release|Win32
		{381089DD-0F80-4B3A-AAFB-BC7CFD5E8DFC}.Release|x64.ActiveCfg = Release|x64
		{381089DD-0F80-4B3A-AAFB-BC7CFD5E8DFC}.Release|x64.Build.0 = Release|x64
		{381089DD-0F80-4B3A-AAFB-BC7CFD5E8DFC}.Release|x86.ActiveCfg = Release|x64
		{381089DD-0F80-4B3A-AAFB-BC7CFD5E8DFC}.Release|x86.Build.0 = Release|x64
		{86F3759D-53DA-43C4-B903-0E395E38C6AD}.Debug|Any CPU.ActiveCfg = Debug|Any CPU
		{86F3759D-53DA-43C4-B903-0E395E38C6AD}.Debug|Any CPU.Build.0 = Debug|Any CPU
		{86F3759D-53DA-43C4-B903-0E395E38C6AD}.Debug|ARM.ActiveCfg = Debug|Any CPU
		{86F3759D-53DA-43C4-B903-0E395E38C6AD}.Debug|ARM.Build.0 = Debug|Any CPU
		{86F3759D-53DA-43C4-B903-0E395E38C6AD}.Debug|Mixed Platforms.ActiveCfg = Debug|Any CPU
		{86F3759D-53DA-43C4-B903-0E395E38C6AD}.Debug|Mixed Platforms.Build.0 = Debug|Any CPU
		{86F3759D-53DA-43C4-B903-0E395E38C6AD}.Debug|Win32.ActiveCfg = Release|Any CPU
		{86F3759D-53DA-43C4-B903-0E395E38C6AD}.Debug|Win32.Build.0 = Release|Any CPU
		{86F3759D-53DA-43C4-B903-0E395E38C6AD}.Debug|x64.ActiveCfg = Debug|x64
		{86F3759D-53DA-43C4-B903-0E395E38C6AD}.Debug|x64.Build.0 = Debug|x64
		{86F3759D-53DA-43C4-B903-0E395E38C6AD}.Debug|x86.ActiveCfg = Release|Any CPU
		{86F3759D-53DA-43C4-B903-0E395E38C6AD}.Debug|x86.Build.0 = Release|Any CPU
		{86F3759D-53DA-43C4-B903-0E395E38C6AD}.Release|Any CPU.ActiveCfg = Release|Any CPU
		{86F3759D-53DA-43C4-B903-0E395E38C6AD}.Release|Any CPU.Build.0 = Release|Any CPU
		{86F3759D-53DA-43C4-B903-0E395E38C6AD}.Release|ARM.ActiveCfg = Release|Any CPU
		{86F3759D-53DA-43C4-B903-0E395E38C6AD}.Release|ARM.Build.0 = Release|Any CPU
		{86F3759D-53DA-43C4-B903-0E395E38C6AD}.Release|Mixed Platforms.ActiveCfg = Release|Any CPU
		{86F3759D-53DA-43C4-B903-0E395E38C6AD}.Release|Mixed Platforms.Build.0 = Release|Any CPU
		{86F3759D-53DA-43C4-B903-0E395E38C6AD}.Release|Win32.ActiveCfg = Release|Any CPU
		{86F3759D-53DA-43C4-B903-0E395E38C6AD}.Release|Win32.Build.0 = Release|Any CPU
		{86F3759D-53DA-43C4-B903-0E395E38C6AD}.Release|x64.ActiveCfg = Release|x64
		{86F3759D-53DA-43C4-B903-0E395E38C6AD}.Release|x64.Build.0 = Release|x64
		{86F3759D-53DA-43C4-B903-0E395E38C6AD}.Release|x86.ActiveCfg = Release|Any CPU
		{86F3759D-53DA-43C4-B903-0E395E38C6AD}.Release|x86.Build.0 = Release|Any CPU
		{4D25FDA4-BE99-4AF7-AAAC-760403E755EF}.Debug|Any CPU.ActiveCfg = Debug|Any CPU
		{4D25FDA4-BE99-4AF7-AAAC-760403E755EF}.Debug|Any CPU.Build.0 = Debug|Any CPU
		{4D25FDA4-BE99-4AF7-AAAC-760403E755EF}.Debug|ARM.ActiveCfg = Debug|Any CPU
		{4D25FDA4-BE99-4AF7-AAAC-760403E755EF}.Debug|ARM.Build.0 = Debug|Any CPU
		{4D25FDA4-BE99-4AF7-AAAC-760403E755EF}.Debug|Mixed Platforms.ActiveCfg = Debug|Any CPU
		{4D25FDA4-BE99-4AF7-AAAC-760403E755EF}.Debug|Mixed Platforms.Build.0 = Debug|Any CPU
		{4D25FDA4-BE99-4AF7-AAAC-760403E755EF}.Debug|Win32.ActiveCfg = Debug|Any CPU
		{4D25FDA4-BE99-4AF7-AAAC-760403E755EF}.Debug|Win32.Build.0 = Debug|Any CPU
		{4D25FDA4-BE99-4AF7-AAAC-760403E755EF}.Debug|x64.ActiveCfg = Debug|x64
		{4D25FDA4-BE99-4AF7-AAAC-760403E755EF}.Debug|x64.Build.0 = Debug|x64
		{4D25FDA4-BE99-4AF7-AAAC-760403E755EF}.Debug|x86.ActiveCfg = Debug|Any CPU
		{4D25FDA4-BE99-4AF7-AAAC-760403E755EF}.Debug|x86.Build.0 = Debug|Any CPU
		{4D25FDA4-BE99-4AF7-AAAC-760403E755EF}.Release|Any CPU.ActiveCfg = Release|Any CPU
		{4D25FDA4-BE99-4AF7-AAAC-760403E755EF}.Release|Any CPU.Build.0 = Release|Any CPU
		{4D25FDA4-BE99-4AF7-AAAC-760403E755EF}.Release|ARM.ActiveCfg = Release|Any CPU
		{4D25FDA4-BE99-4AF7-AAAC-760403E755EF}.Release|ARM.Build.0 = Release|Any CPU
		{4D25FDA4-BE99-4AF7-AAAC-760403E755EF}.Release|Mixed Platforms.ActiveCfg = Release|Any CPU
		{4D25FDA4-BE99-4AF7-AAAC-760403E755EF}.Release|Mixed Platforms.Build.0 = Release|Any CPU
		{4D25FDA4-BE99-4AF7-AAAC-760403E755EF}.Release|Win32.ActiveCfg = Release|Any CPU
		{4D25FDA4-BE99-4AF7-AAAC-760403E755EF}.Release|Win32.Build.0 = Release|Any CPU
		{4D25FDA4-BE99-4AF7-AAAC-760403E755EF}.Release|x64.ActiveCfg = Release|x64
		{4D25FDA4-BE99-4AF7-AAAC-760403E755EF}.Release|x64.Build.0 = Release|x64
		{4D25FDA4-BE99-4AF7-AAAC-760403E755EF}.Release|x86.ActiveCfg = Release|Any CPU
		{4D25FDA4-BE99-4AF7-AAAC-760403E755EF}.Release|x86.Build.0 = Release|Any CPU
		{6411FE9E-C2F1-4A61-BA7E-271312FC45C2}.Debug|Any CPU.ActiveCfg = Debug|x64
		{6411FE9E-C2F1-4A61-BA7E-271312FC45C2}.Debug|Any CPU.Build.0 = Debug|x64
		{6411FE9E-C2F1-4A61-BA7E-271312FC45C2}.Debug|ARM.ActiveCfg = Debug|x64
		{6411FE9E-C2F1-4A61-BA7E-271312FC45C2}.Debug|ARM.Build.0 = Debug|x64
		{6411FE9E-C2F1-4A61-BA7E-271312FC45C2}.Debug|Mixed Platforms.ActiveCfg = Debug|x64
		{6411FE9E-C2F1-4A61-BA7E-271312FC45C2}.Debug|Mixed Platforms.Build.0 = Debug|x64
		{6411FE9E-C2F1-4A61-BA7E-271312FC45C2}.Debug|Win32.ActiveCfg = Debug|Win32
		{6411FE9E-C2F1-4A61-BA7E-271312FC45C2}.Debug|Win32.Build.0 = Debug|Win32
		{6411FE9E-C2F1-4A61-BA7E-271312FC45C2}.Debug|x64.ActiveCfg = Debug|x64
		{6411FE9E-C2F1-4A61-BA7E-271312FC45C2}.Debug|x64.Build.0 = Debug|x64
		{6411FE9E-C2F1-4A61-BA7E-271312FC45C2}.Debug|x86.ActiveCfg = Debug|Win32
		{6411FE9E-C2F1-4A61-BA7E-271312FC45C2}.Debug|x86.Build.0 = Debug|Win32
		{6411FE9E-C2F1-4A61-BA7E-271312FC45C2}.Release|Any CPU.ActiveCfg = Release|x64
		{6411FE9E-C2F1-4A61-BA7E-271312FC45C2}.Release|Any CPU.Build.0 = Release|x64
		{6411FE9E-C2F1-4A61-BA7E-271312FC45C2}.Release|ARM.ActiveCfg = Release|x64
		{6411FE9E-C2F1-4A61-BA7E-271312FC45C2}.Release|ARM.Build.0 = Release|x64
		{6411FE9E-C2F1-4A61-BA7E-271312FC45C2}.Release|Mixed Platforms.ActiveCfg = Release|x64
		{6411FE9E-C2F1-4A61-BA7E-271312FC45C2}.Release|Mixed Platforms.Build.0 = Release|x64
		{6411FE9E-C2F1-4A61-BA7E-271312FC45C2}.Release|Win32.ActiveCfg = Release|Win32
		{6411FE9E-C2F1-4A61-BA7E-271312FC45C2}.Release|Win32.Build.0 = Release|Win32
		{6411FE9E-C2F1-4A61-BA7E-271312FC45C2}.Release|x64.ActiveCfg = Release|x64
		{6411FE9E-C2F1-4A61-BA7E-271312FC45C2}.Release|x64.Build.0 = Release|x64
		{6411FE9E-C2F1-4A61-BA7E-271312FC45C2}.Release|x86.ActiveCfg = Release|Win32
		{6411FE9E-C2F1-4A61-BA7E-271312FC45C2}.Release|x86.Build.0 = Release|Win32
		{82456256-02B9-4393-A2CF-BC54FBCC125C}.Debug|Any CPU.ActiveCfg = Debug|Any CPU
		{82456256-02B9-4393-A2CF-BC54FBCC125C}.Debug|Any CPU.Build.0 = Debug|Any CPU
		{82456256-02B9-4393-A2CF-BC54FBCC125C}.Debug|ARM.ActiveCfg = Debug|Any CPU
		{82456256-02B9-4393-A2CF-BC54FBCC125C}.Debug|ARM.Build.0 = Debug|Any CPU
		{82456256-02B9-4393-A2CF-BC54FBCC125C}.Debug|Mixed Platforms.ActiveCfg = Debug|x64
		{82456256-02B9-4393-A2CF-BC54FBCC125C}.Debug|Mixed Platforms.Build.0 = Debug|x64
		{82456256-02B9-4393-A2CF-BC54FBCC125C}.Debug|Win32.ActiveCfg = Debug|Any CPU
		{82456256-02B9-4393-A2CF-BC54FBCC125C}.Debug|Win32.Build.0 = Debug|Any CPU
		{82456256-02B9-4393-A2CF-BC54FBCC125C}.Debug|x64.ActiveCfg = Debug|x64
		{82456256-02B9-4393-A2CF-BC54FBCC125C}.Debug|x64.Build.0 = Debug|x64
		{82456256-02B9-4393-A2CF-BC54FBCC125C}.Debug|x86.ActiveCfg = Debug|Any CPU
		{82456256-02B9-4393-A2CF-BC54FBCC125C}.Debug|x86.Build.0 = Debug|Any CPU
		{82456256-02B9-4393-A2CF-BC54FBCC125C}.Release|Any CPU.ActiveCfg = Release|Any CPU
		{82456256-02B9-4393-A2CF-BC54FBCC125C}.Release|Any CPU.Build.0 = Release|Any CPU
		{82456256-02B9-4393-A2CF-BC54FBCC125C}.Release|ARM.ActiveCfg = Release|Any CPU
		{82456256-02B9-4393-A2CF-BC54FBCC125C}.Release|ARM.Build.0 = Release|Any CPU
		{82456256-02B9-4393-A2CF-BC54FBCC125C}.Release|Mixed Platforms.ActiveCfg = Release|x64
		{82456256-02B9-4393-A2CF-BC54FBCC125C}.Release|Mixed Platforms.Build.0 = Release|x64
		{82456256-02B9-4393-A2CF-BC54FBCC125C}.Release|Win32.ActiveCfg = Release|Any CPU
		{82456256-02B9-4393-A2CF-BC54FBCC125C}.Release|Win32.Build.0 = Release|Any CPU
		{82456256-02B9-4393-A2CF-BC54FBCC125C}.Release|x64.ActiveCfg = Release|x64
		{82456256-02B9-4393-A2CF-BC54FBCC125C}.Release|x64.Build.0 = Release|x64
		{82456256-02B9-4393-A2CF-BC54FBCC125C}.Release|x86.ActiveCfg = Release|Any CPU
		{82456256-02B9-4393-A2CF-BC54FBCC125C}.Release|x86.Build.0 = Release|Any CPU
	EndGlobalSection
	GlobalSection(SolutionProperties) = preSolution
		HideSolutionNode = FALSE
	EndGlobalSection
	GlobalSection(ExtensibilityGlobals) = postSolution
		SolutionGuid = {6E382C01-86F2-48D2-A5A3-CB845098555A}
	EndGlobalSection
EndGlobal
